
Microsoft Visual Studio Solution File, Format Version 12.00
# Visual Studio Version 16
VisualStudioVersion = 16.0.31624.102
MinimumVisualStudioVersion = 10.0.40219.1
Project("{FAE04EC0-301F-11D3-BF4B-00C04F79EFBC}") = "Training_1A", "Training_1A\Training_1A.csproj", "{4E0759BB-8221-4E77-B765-B9D27662A7E2}"
EndProject
Project("{FAE04EC0-301F-11D3-BF4B-00C04F79EFBC}") = "Training_2A", "..\Training_2A\Training_2A.csproj", "{2B31BEB4-2F98-4424-926F-2A4B42F12240}"
EndProject
Project("{FAE04EC0-301F-11D3-BF4B-00C04F79EFBC}") = "Training_3A", "..\Training_3A\Training_3A.csproj", "{2288817E-5826-493D-A50F-A494BF5BFFB3}"
EndProject
Project("{FAE04EC0-301F-11D3-BF4B-00C04F79EFBC}") = "Training_4A", "..\Training_4A\Training_4A.csproj", "{5B8498A4-6B7C-4475-9D5B-DBDD770DDD47}"
EndProject
Global
	GlobalSection(SolutionConfigurationPlatforms) = preSolution
		Debug|Any CPU = Debug|Any CPU
		Release|Any CPU = Release|Any CPU
	EndGlobalSection
	GlobalSection(ProjectConfigurationPlatforms) = postSolution
		{4E0759BB-8221-4E77-B765-B9D27662A7E2}.Debug|Any CPU.ActiveCfg = Debug|Any CPU
		{4E0759BB-8221-4E77-B765-B9D27662A7E2}.Debug|Any CPU.Build.0 = Debug|Any CPU
		{4E0759BB-8221-4E77-B765-B9D27662A7E2}.Release|Any CPU.ActiveCfg = Release|Any CPU
		{4E0759BB-8221-4E77-B765-B9D27662A7E2}.Release|Any CPU.Build.0 = Release|Any CPU
		{2B31BEB4-2F98-4424-926F-2A4B42F12240}.Debug|Any CPU.ActiveCfg = Debug|Any CPU
		{2B31BEB4-2F98-4424-926F-2A4B42F12240}.Debug|Any CPU.Build.0 = Debug|Any CPU
		{2B31BEB4-2F98-4424-926F-2A4B42F12240}.Release|Any CPU.ActiveCfg = Release|Any CPU
		{2B31BEB4-2F98-4424-926F-2A4B42F12240}.Release|Any CPU.Build.0 = Release|Any CPU
		{2288817E-5826-493D-A50F-A494BF5BFFB3}.Debug|Any CPU.ActiveCfg = Debug|Any CPU
		{2288817E-5826-493D-A50F-A494BF5BFFB3}.Debug|Any CPU.Build.0 = Debug|Any CPU
		{2288817E-5826-493D-A50F-A494BF5BFFB3}.Release|Any CPU.ActiveCfg = Release|Any CPU
		{2288817E-5826-493D-A50F-A494BF5BFFB3}.Release|Any CPU.Build.0 = Release|Any CPU
		{5B8498A4-6B7C-4475-9D5B-DBDD770DDD47}.Debug|Any CPU.ActiveCfg = Debug|Any CPU
		{5B8498A4-6B7C-4475-9D5B-DBDD770DDD47}.Debug|Any CPU.Build.0 = Debug|Any CPU
		{5B8498A4-6B7C-4475-9D5B-DBDD770DDD47}.Release|Any CPU.ActiveCfg = Release|Any CPU
		{5B8498A4-6B7C-4475-9D5B-DBDD770DDD47}.Release|Any CPU.Build.0 = Release|Any CPU
	EndGlobalSection
	GlobalSection(SolutionProperties) = preSolution
		HideSolutionNode = FALSE
	EndGlobalSection
	GlobalSection(ExtensibilityGlobals) = postSolution
		SolutionGuid = {DF6B99FD-DF38-456F-B9DF-5093786D2139}
	EndGlobalSection
EndGlobal
