
Microsoft Visual Studio Solution File, Format Version 12.00
# Visual Studio Version 16
VisualStudioVersion = 16.0.31624.102
MinimumVisualStudioVersion = 10.0.40219.1
Project("{FAE04EC0-301F-11D3-BF4B-00C04F79EFBC}") = "Training_01", "Training_01\Training_01.csproj", "{756559E0-F3FE-44F9-A23C-DBDAE1EEDD95}"
EndProject
Project("{FAE04EC0-301F-11D3-BF4B-00C04F79EFBC}") = "Training_02", "..\Training_02\Training_02.csproj", "{7300546A-CCFE-48A6-BB9E-B7AFB463E184}"
EndProject
Project("{FAE04EC0-301F-11D3-BF4B-00C04F79EFBC}") = "Training_03", "..\Training_03\Training_03.csproj", "{21DDFA1B-83D2-43E7-B4AC-DBB09249917E}"
EndProject
Project("{FAE04EC0-301F-11D3-BF4B-00C04F79EFBC}") = "Training_04", "..\Training_04\Training_04.csproj", "{5E583EC6-E918-4B85-9315-C58817640319}"
EndProject
Project("{FAE04EC0-301F-11D3-BF4B-00C04F79EFBC}") = "Training_05 Demonstrate the example of new keyword", "..\Training_05 Demonstrate the example of new keyword\Training_05 Demonstrate the example of new keyword.csproj", "{C5BE1CC8-BB4E-40F5-9E3D-252FDACC045C}"
EndProject
Global
	GlobalSection(SolutionConfigurationPlatforms) = preSolution
		Debug|Any CPU = Debug|Any CPU
		Release|Any CPU = Release|Any CPU
	EndGlobalSection
	GlobalSection(ProjectConfigurationPlatforms) = postSolution
		{756559E0-F3FE-44F9-A23C-DBDAE1EEDD95}.Debug|Any CPU.ActiveCfg = Debug|Any CPU
		{756559E0-F3FE-44F9-A23C-DBDAE1EEDD95}.Debug|Any CPU.Build.0 = Debug|Any CPU
		{756559E0-F3FE-44F9-A23C-DBDAE1EEDD95}.Release|Any CPU.ActiveCfg = Release|Any CPU
		{756559E0-F3FE-44F9-A23C-DBDAE1EEDD95}.Release|Any CPU.Build.0 = Release|Any CPU
		{7300546A-CCFE-48A6-BB9E-B7AFB463E184}.Debug|Any CPU.ActiveCfg = Debug|Any CPU
		{7300546A-CCFE-48A6-BB9E-B7AFB463E184}.Debug|Any CPU.Build.0 = Debug|Any CPU
		{7300546A-CCFE-48A6-BB9E-B7AFB463E184}.Release|Any CPU.ActiveCfg = Release|Any CPU
		{7300546A-CCFE-48A6-BB9E-B7AFB463E184}.Release|Any CPU.Build.0 = Release|Any CPU
		{21DDFA1B-83D2-43E7-B4AC-DBB09249917E}.Debug|Any CPU.ActiveCfg = Debug|Any CPU
		{21DDFA1B-83D2-43E7-B4AC-DBB09249917E}.Debug|Any CPU.Build.0 = Debug|Any CPU
		{21DDFA1B-83D2-43E7-B4AC-DBB09249917E}.Release|Any CPU.ActiveCfg = Release|Any CPU
		{21DDFA1B-83D2-43E7-B4AC-DBB09249917E}.Release|Any CPU.Build.0 = Release|Any CPU
		{5E583EC6-E918-4B85-9315-C58817640319}.Debug|Any CPU.ActiveCfg = Debug|Any CPU
		{5E583EC6-E918-4B85-9315-C58817640319}.Debug|Any CPU.Build.0 = Debug|Any CPU
		{5E583EC6-E918-4B85-9315-C58817640319}.Release|Any CPU.ActiveCfg = Release|Any CPU
		{5E583EC6-E918-4B85-9315-C58817640319}.Release|Any CPU.Build.0 = Release|Any CPU
		{C5BE1CC8-BB4E-40F5-9E3D-252FDACC045C}.Debug|Any CPU.ActiveCfg = Debug|Any CPU
		{C5BE1CC8-BB4E-40F5-9E3D-252FDACC045C}.Debug|Any CPU.Build.0 = Debug|Any CPU
		{C5BE1CC8-BB4E-40F5-9E3D-252FDACC045C}.Release|Any CPU.ActiveCfg = Release|Any CPU
		{C5BE1CC8-BB4E-40F5-9E3D-252FDACC045C}.Release|Any CPU.Build.0 = Release|Any CPU
	EndGlobalSection
	GlobalSection(SolutionProperties) = preSolution
		HideSolutionNode = FALSE
	EndGlobalSection
	GlobalSection(ExtensibilityGlobals) = postSolution
		SolutionGuid = {4FC8221F-E721-46DE-9F47-CA83E5F42241}
	EndGlobalSection
EndGlobal
