
Microsoft Visual Studio Solution File, Format Version 12.00
# Visual Studio Version 16
VisualStudioVersion = 16.0.31624.102
MinimumVisualStudioVersion = 10.0.40219.1
Project("{FAE04EC0-301F-11D3-BF4B-00C04F79EFBC}") = "Create a new class", "Create a new class\Create a new class.csproj", "{219AB92A-99FD-46FC-A0C2-F93910CAAA8B}"
EndProject
Project("{FAE04EC0-301F-11D3-BF4B-00C04F79EFBC}") = "New class o1", "..\New class o1\New class o1.csproj", "{B7069367-5906-4FED-B61A-C0D01151FA06}"
EndProject
Global
	GlobalSection(SolutionConfigurationPlatforms) = preSolution
		Debug|Any CPU = Debug|Any CPU
		Release|Any CPU = Release|Any CPU
	EndGlobalSection
	GlobalSection(ProjectConfigurationPlatforms) = postSolution
		{219AB92A-99FD-46FC-A0C2-F93910CAAA8B}.Debug|Any CPU.ActiveCfg = Debug|Any CPU
		{219AB92A-99FD-46FC-A0C2-F93910CAAA8B}.Debug|Any CPU.Build.0 = Debug|Any CPU
		{219AB92A-99FD-46FC-A0C2-F93910CAAA8B}.Release|Any CPU.ActiveCfg = Release|Any CPU
		{219AB92A-99FD-46FC-A0C2-F93910CAAA8B}.Release|Any CPU.Build.0 = Release|Any CPU
		{B7069367-5906-4FED-B61A-C0D01151FA06}.Debug|Any CPU.ActiveCfg = Debug|Any CPU
		{B7069367-5906-4FED-B61A-C0D01151FA06}.Debug|Any CPU.Build.0 = Debug|Any CPU
		{B7069367-5906-4FED-B61A-C0D01151FA06}.Release|Any CPU.ActiveCfg = Release|Any CPU
		{B7069367-5906-4FED-B61A-C0D01151FA06}.Release|Any CPU.Build.0 = Release|Any CPU
	EndGlobalSection
	GlobalSection(SolutionProperties) = preSolution
		HideSolutionNode = FALSE
	EndGlobalSection
	GlobalSection(ExtensibilityGlobals) = postSolution
		SolutionGuid = {BF573C7A-E899-45D4-9705-DC446D0D64E6}
	EndGlobalSection
EndGlobal
