
Microsoft Visual Studio Solution File, Format Version 12.00
# Visual Studio Version 16
VisualStudioVersion = 16.0.31624.102
MinimumVisualStudioVersion = 10.0.40219.1
Project("{FAE04EC0-301F-11D3-BF4B-00C04F79EFBC}") = "Electric bill 02", "Electric bill 02\Electric bill 02.csproj", "{21ABEB4D-310D-46CC-9128-AC9D099705FB}"
EndProject
Project("{FAE04EC0-301F-11D3-BF4B-00C04F79EFBC}") = "Electricity bill 03", "..\Electricity bill 03\Electricity bill 03.csproj", "{AAF5CBD2-A5EE-4309-A149-4E4C1A6DAE58}"
EndProject
Global
	GlobalSection(SolutionConfigurationPlatforms) = preSolution
		Debug|Any CPU = Debug|Any CPU
		Release|Any CPU = Release|Any CPU
	EndGlobalSection
	GlobalSection(ProjectConfigurationPlatforms) = postSolution
		{21ABEB4D-310D-46CC-9128-AC9D099705FB}.Debug|Any CPU.ActiveCfg = Debug|Any CPU
		{21ABEB4D-310D-46CC-9128-AC9D099705FB}.Debug|Any CPU.Build.0 = Debug|Any CPU
		{21ABEB4D-310D-46CC-9128-AC9D099705FB}.Release|Any CPU.ActiveCfg = Release|Any CPU
		{21ABEB4D-310D-46CC-9128-AC9D099705FB}.Release|Any CPU.Build.0 = Release|Any CPU
		{AAF5CBD2-A5EE-4309-A149-4E4C1A6DAE58}.Debug|Any CPU.ActiveCfg = Debug|Any CPU
		{AAF5CBD2-A5EE-4309-A149-4E4C1A6DAE58}.Debug|Any CPU.Build.0 = Debug|Any CPU
		{AAF5CBD2-A5EE-4309-A149-4E4C1A6DAE58}.Release|Any CPU.ActiveCfg = Release|Any CPU
		{AAF5CBD2-A5EE-4309-A149-4E4C1A6DAE58}.Release|Any CPU.Build.0 = Release|Any CPU
	EndGlobalSection
	GlobalSection(SolutionProperties) = preSolution
		HideSolutionNode = FALSE
	EndGlobalSection
	GlobalSection(ExtensibilityGlobals) = postSolution
		SolutionGuid = {DC8E8678-98DD-46F8-AD28-C87E7D2F992F}
	EndGlobalSection
EndGlobal
